// !$*UTF8*$!
{
	archiveVersion = 1;
	classes = {
	};
	objectVersion = 50;
	objects = {

/* Begin PBXBuildFile section */
		84B3ADB05020161E1463DF2A /* Pods_ArcMovieTouch.framework in Frameworks */ = {isa = PBXBuildFile; fileRef = 702F6D49073A38DCC8368AED /* Pods_ArcMovieTouch.framework */; };
		9F495E6F227B3FB200C75751 /* AppDelegate.swift in Sources */ = {isa = PBXBuildFile; fileRef = 9F495E6E227B3FB200C75751 /* AppDelegate.swift */; };
		9F495E71227B3FB200C75751 /* ViewController.swift in Sources */ = {isa = PBXBuildFile; fileRef = 9F495E70227B3FB200C75751 /* ViewController.swift */; };
		9F495E74227B3FB200C75751 /* Main.storyboard in Resources */ = {isa = PBXBuildFile; fileRef = 9F495E72227B3FB200C75751 /* Main.storyboard */; };
		9F495E76227B3FB400C75751 /* Assets.xcassets in Resources */ = {isa = PBXBuildFile; fileRef = 9F495E75227B3FB400C75751 /* Assets.xcassets */; };
		9F495E79227B3FB400C75751 /* LaunchScreen.storyboard in Resources */ = {isa = PBXBuildFile; fileRef = 9F495E77227B3FB400C75751 /* LaunchScreen.storyboard */; };
/* End PBXBuildFile section */

/* Begin PBXFileReference section */
		40C474B6183457A745F9C613 /* Pods-ArcMovieTouch.debug.xcconfig */ = {isa = PBXFileReference; includeInIndex = 1; lastKnownFileType = text.xcconfig; name = "Pods-ArcMovieTouch.debug.xcconfig"; path = "Target Support Files/Pods-ArcMovieTouch/Pods-ArcMovieTouch.debug.xcconfig"; sourceTree = "<group>"; };
		702F6D49073A38DCC8368AED /* Pods_ArcMovieTouch.framework */ = {isa = PBXFileReference; explicitFileType = wrapper.framework; includeInIndex = 0; path = Pods_ArcMovieTouch.framework; sourceTree = BUILT_PRODUCTS_DIR; };
		9F495E6B227B3FB200C75751 /* ArcMovieTouch.app */ = {isa = PBXFileReference; explicitFileType = wrapper.application; includeInIndex = 0; path = ArcMovieTouch.app; sourceTree = BUILT_PRODUCTS_DIR; };
		9F495E6E227B3FB200C75751 /* AppDelegate.swift */ = {isa = PBXFileReference; lastKnownFileType = sourcecode.swift; path = AppDelegate.swift; sourceTree = "<group>"; };
		9F495E70227B3FB200C75751 /* ViewController.swift */ = {isa = PBXFileReference; lastKnownFileType = sourcecode.swift; path = ViewController.swift; sourceTree = "<group>"; };
		9F495E73227B3FB200C75751 /* Base */ = {isa = PBXFileReference; lastKnownFileType = file.storyboard; name = Base; path = Base.lproj/Main.storyboard; sourceTree = "<group>"; };
		9F495E75227B3FB400C75751 /* Assets.xcassets */ = {isa = PBXFileReference; lastKnownFileType = folder.assetcatalog; path = Assets.xcassets; sourceTree = "<group>"; };
		9F495E78227B3FB400C75751 /* Base */ = {isa = PBXFileReference; lastKnownFileType = file.storyboard; name = Base; path = Base.lproj/LaunchScreen.storyboard; sourceTree = "<group>"; };
		9F495E7A227B3FB400C75751 /* Info.plist */ = {isa = PBXFileReference; lastKnownFileType = text.plist.xml; path = Info.plist; sourceTree = "<group>"; };
		DD627B837E409D09E5A37160 /* Pods-ArcMovieTouch.release.xcconfig */ = {isa = PBXFileReference; includeInIndex = 1; lastKnownFileType = text.xcconfig; name = "Pods-ArcMovieTouch.release.xcconfig"; path = "Target Support Files/Pods-ArcMovieTouch/Pods-ArcMovieTouch.release.xcconfig"; sourceTree = "<group>"; };
/* End PBXFileReference section */

/* Begin PBXFrameworksBuildPhase section */
		9F495E68227B3FB200C75751 /* Frameworks */ = {
			isa = PBXFrameworksBuildPhase;
			buildActionMask = 2147483647;
			files = (
				84B3ADB05020161E1463DF2A /* Pods_ArcMovieTouch.framework in Frameworks */,
			);
			runOnlyForDeploymentPostprocessing = 0;
		};
/* End PBXFrameworksBuildPhase section */

/* Begin PBXGroup section */
		07326CE383CC112316337940 /* Pods */ = {
			isa = PBXGroup;
			children = (
				40C474B6183457A745F9C613 /* Pods-ArcMovieTouch.debug.xcconfig */,
				DD627B837E409D09E5A37160 /* Pods-ArcMovieTouch.release.xcconfig */,
			);
			name = Pods;
			path = Pods;
			sourceTree = "<group>";
		};
		3A9622D3E3519C4744F8EFBE /* Frameworks */ = {
			isa = PBXGroup;
			children = (
				702F6D49073A38DCC8368AED /* Pods_ArcMovieTouch.framework */,
			);
			name = Frameworks;
			sourceTree = "<group>";
		};
		9F495E62227B3FB200C75751 = {
			isa = PBXGroup;
			children = (
				9F495E6D227B3FB200C75751 /* ArcMovieTouch */,
				9F495E6C227B3FB200C75751 /* Products */,
				07326CE383CC112316337940 /* Pods */,
				3A9622D3E3519C4744F8EFBE /* Frameworks */,
			);
			sourceTree = "<group>";
		};
		9F495E6C227B3FB200C75751 /* Products */ = {
			isa = PBXGroup;
			children = (
				9F495E6B227B3FB200C75751 /* ArcMovieTouch.app */,
			);
			name = Products;
			sourceTree = "<group>";
		};
		9F495E6D227B3FB200C75751 /* ArcMovieTouch */ = {
			isa = PBXGroup;
			children = (
				9F495E6E227B3FB200C75751 /* AppDelegate.swift */,
				9F495E70227B3FB200C75751 /* ViewController.swift */,
				9F495E72227B3FB200C75751 /* Main.storyboard */,
				9F495E75227B3FB400C75751 /* Assets.xcassets */,
				9F495E77227B3FB400C75751 /* LaunchScreen.storyboard */,
				9F495E7A227B3FB400C75751 /* Info.plist */,
			);
			path = ArcMovieTouch;
			sourceTree = "<group>";
		};
/* End PBXGroup section */

/* Begin PBXNativeTarget section */
		9F495E6A227B3FB200C75751 /* ArcMovieTouch */ = {
			isa = PBXNativeTarget;
			buildConfigurationList = 9F495E7D227B3FB400C75751 /* Build configuration list for PBXNativeTarget "ArcMovieTouch" */;
			buildPhases = (
				48691022BE792CB2F4FC9010 /* [CP] Check Pods Manifest.lock */,
				9F495E67227B3FB200C75751 /* Sources */,
				9F495E68227B3FB200C75751 /* Frameworks */,
				9F495E69227B3FB200C75751 /* Resources */,
				E844EFA5A379C39A62450D05 /* [CP] Embed Pods Frameworks */,
			);
			buildRules = (
			);
			dependencies = (
			);
			name = ArcMovieTouch;
			productName = ArcMovieTouch;
			productReference = 9F495E6B227B3FB200C75751 /* ArcMovieTouch.app */;
			productType = "com.apple.product-type.application";
		};
/* End PBXNativeTarget section */

/* Begin PBXProject section */
		9F495E63227B3FB200C75751 /* Project object */ = {
			isa = PBXProject;
			attributes = {
				LastSwiftUpdateCheck = 1020;
				LastUpgradeCheck = 1020;
				ORGANIZATIONNAME = "Joel Banzatto";
				TargetAttributes = {
					9F495E6A227B3FB200C75751 = {
						CreatedOnToolsVersion = 10.2.1;
					};
				};
			};
			buildConfigurationList = 9F495E66227B3FB200C75751 /* Build configuration list for PBXProject "ArcMovieTouch" */;
			compatibilityVersion = "Xcode 9.3";
			developmentRegion = en;
			hasScannedForEncodings = 0;
			knownRegions = (
				en,
				Base,
			);
			mainGroup = 9F495E62227B3FB200C75751;
			productRefGroup = 9F495E6C227B3FB200C75751 /* Products */;
			projectDirPath = "";
			projectRoot = "";
			targets = (
				9F495E6A227B3FB200C75751 /* ArcMovieTouch */,
			);
		};
/* End PBXProject section */

/* Begin PBXResourcesBuildPhase section */
		9F495E69227B3FB200C75751 /* Resources */ = {
			isa = PBXResourcesBuildPhase;
			buildActionMask = 2147483647;
			files = (
				9F495E79227B3FB400C75751 /* LaunchScreen.storyboard in Resources */,
				9F495E76227B3FB400C75751 /* Assets.xcassets in Resources */,
				9F495E74227B3FB200C75751 /* Main.storyboard in Resources */,
			);
			runOnlyForDeploymentPostprocessing = 0;
		};
/* End PBXResourcesBuildPhase section */

/* Begin PBXShellScriptBuildPhase section */
		48691022BE792CB2F4FC9010 /* [CP] Check Pods Manifest.lock */ = {
			isa = PBXShellScriptBuildPhase;
			buildActionMask = 2147483647;
			files = (
			);
			inputFileListPaths = (
			);
			inputPaths = (
				"${PODS_PODFILE_DIR_PATH}/Podfile.lock",
				"${PODS_ROOT}/Manifest.lock",
			);
			name = "[CP] Check Pods Manifest.lock";
			outputFileListPaths = (
			);
			outputPaths = (
				"$(DERIVED_FILE_DIR)/Pods-ArcMovieTouch-checkManifestLockResult.txt",
			);
			runOnlyForDeploymentPostprocessing = 0;
			shellPath = /bin/sh;
			shellScript = "diff \"${PODS_PODFILE_DIR_PATH}/Podfile.lock\" \"${PODS_ROOT}/Manifest.lock\" > /dev/null\nif [ $? != 0 ] ; then\n    # print error to STDERR\n    echo \"error: The sandbox is not in sync with the Podfile.lock. Run 'pod install' or update your CocoaPods installation.\" >&2\n    exit 1\nfi\n# This output is used by Xcode 'outputs' to avoid re-running this script phase.\necho \"SUCCESS\" > \"${SCRIPT_OUTPUT_FILE_0}\"\n";
			showEnvVarsInLog = 0;
		};
		E844EFA5A379C39A62450D05 /* [CP] Embed Pods Frameworks */ = {
			isa = PBXShellScriptBuildPhase;
			buildActionMask = 2147483647;
			files = (
			);
			inputFileListPaths = (
			);
			inputPaths = (
				"${PODS_ROOT}/Target Support Files/Pods-ArcMovieTouch/Pods-ArcMovieTouch-frameworks.sh",
				"${BUILT_PRODUCTS_DIR}/Alamofire/Alamofire.framework",
				"${BUILT_PRODUCTS_DIR}/Kingfisher/Kingfisher.framework",
			);
			name = "[CP] Embed Pods Frameworks";
			outputFileListPaths = (
			);
			outputPaths = (
				"${TARGET_BUILD_DIR}/${FRAMEWORKS_FOLDER_PATH}/Alamofire.framework",
				"${TARGET_BUILD_DIR}/${FRAMEWORKS_FOLDER_PATH}/Kingfisher.framework",
			);
			runOnlyForDeploymentPostprocessing = 0;
			shellPath = /bin/sh;
			shellScript = "\"${PODS_ROOT}/Target Support Files/Pods-ArcMovieTouch/Pods-ArcMovieTouch-frameworks.sh\"\n";
			showEnvVarsInLog = 0;
		};
/* End PBXShellScriptBuildPhase section */

/* Begin PBXSourcesBuildPhase section */
		9F495E67227B3FB200C75751 /* Sources */ = {
			isa = PBXSourcesBuildPhase;
			buildActionMask = 2147483647;
			files = (
				9F495E71227B3FB200C75751 /* ViewController.swift in Sources */,
				9F495E6F227B3FB200C75751 /* AppDelegate.swift in Sources */,
			);
			runOnlyForDeploymentPostprocessing = 0;
		};
/* End PBXSourcesBuildPhase section */

/* Begin PBXVariantGroup section */
		9F495E72227B3FB200C75751 /* Main.storyboard */ = {
			isa = PBXVariantGroup;
			children = (
				9F495E73227B3FB200C75751 /* Base */,
			);
			name = Main.storyboard;
			sourceTree = "<group>";
		};
		9F495E77227B3FB400C75751 /* LaunchScreen.storyboard */ = {
			isa = PBXVariantGroup;
			children = (
				9F495E78227B3FB400C75751 /* Base */,
			);
			name = LaunchScreen.storyboard;
			sourceTree = "<group>";
		};
/* End PBXVariantGroup section */

/* Begin XCBuildConfiguration section */
		9F495E7B227B3FB400C75751 /* Debug */ = {
			isa = XCBuildConfiguration;
			buildSettings = {
				ALWAYS_SEARCH_USER_PATHS = NO;
				CLANG_ANALYZER_NONNULL = YES;
				CLANG_ANALYZER_NUMBER_OBJECT_CONVERSION = YES_AGGRESSIVE;
				CLANG_CXX_LANGUAGE_STANDARD = "gnu++14";
				CLANG_CXX_LIBRARY = "libc++";
				CLANG_ENABLE_MODULES = YES;
				CLANG_ENABLE_OBJC_ARC = YES;
				CLANG_ENABLE_OBJC_WEAK = YES;
				CLANG_WARN_BLOCK_CAPTURE_AUTORELEASING = YES;
				CLANG_WARN_BOOL_CONVERSION = YES;
				CLANG_WARN_COMMA = YES;
				CLANG_WARN_CONSTANT_CONVERSION = YES;
				CLANG_WARN_DEPRECATED_OBJC_IMPLEMENTATIONS = YES;
				CLANG_WARN_DIRECT_OBJC_ISA_USAGE = YES_ERROR;
				CLANG_WARN_DOCUMENTATION_COMMENTS = YES;
				CLANG_WARN_EMPTY_BODY = YES;
				CLANG_WARN_ENUM_CONVERSION = YES;
				CLANG_WARN_INFINITE_RECURSION = YES;
				CLANG_WARN_INT_CONVERSION = YES;
				CLANG_WARN_NON_LITERAL_NULL_CONVERSION = YES;
				CLANG_WARN_OBJC_IMPLICIT_RETAIN_SELF = YES;
				CLANG_WARN_OBJC_LITERAL_CONVERSION = YES;
				CLANG_WARN_OBJC_ROOT_CLASS = YES_ERROR;
				CLANG_WARN_RANGE_LOOP_ANALYSIS = YES;
				CLANG_WARN_STRICT_PROTOTYPES = YES;
				CLANG_WARN_SUSPICIOUS_MOVE = YES;
				CLANG_WARN_UNGUARDED_AVAILABILITY = YES_AGGRESSIVE;
				CLANG_WARN_UNREACHABLE_CODE = YES;
				CLANG_WARN__DUPLICATE_METHOD_MATCH = YES;
				CODE_SIGN_IDENTITY = "iPhone Developer";
				COPY_PHASE_STRIP = NO;
				DEBUG_INFORMATION_FORMAT = dwarf;
				ENABLE_STRICT_OBJC_MSGSEND = YES;
				ENABLE_TESTABILITY = YES;
				GCC_C_LANGUAGE_STANDARD = gnu11;
				GCC_DYNAMIC_NO_PIC = NO;
				GCC_NO_COMMON_BLOCKS = YES;
				GCC_OPTIMIZATION_LEVEL = 0;
				GCC_PREPROCESSOR_DEFINITIONS = (
					"DEBUG=1",
					"$(inherited)",
				);
				GCC_WARN_64_TO_32_BIT_CONVERSION = YES;
				GCC_WARN_ABOUT_RETURN_TYPE = YES_ERROR;
				GCC_WARN_UNDECLARED_SELECTOR = YES;
				GCC_WARN_UNINITIALIZED_AUTOS = YES_AGGRESSIVE;
				GCC_WARN_UNUSED_FUNCTION = YES;
				GCC_WARN_UNUSED_VARIABLE = YES;
				IPHONEOS_DEPLOYMENT_TARGET = 12.2;
				MTL_ENABLE_DEBUG_INFO = INCLUDE_SOURCE;
				MTL_FAST_MATH = YES;
				ONLY_ACTIVE_ARCH = YES;
				SDKROOT = iphoneos;
				SWIFT_ACTIVE_COMPILATION_CONDITIONS = DEBUG;
				SWIFT_OPTIMIZATION_LEVEL = "-Onone";
			};
			name = Debug;
		};
		9F495E7C227B3FB400C75751 /* Release */ = {
			isa = XCBuildConfiguration;
			buildSettings = {
				ALWAYS_SEARCH_USER_PATHS = NO;
				CLANG_ANALYZER_NONNULL = YES;
				CLANG_ANALYZER_NUMBER_OBJECT_CONVERSION = YES_AGGRESSIVE;
				CLANG_CXX_LANGUAGE_STANDARD = "gnu++14";
				CLANG_CXX_LIBRARY = "libc++";
				CLANG_ENABLE_MODULES = YES;
				CLANG_ENABLE_OBJC_ARC = YES;
				CLANG_ENABLE_OBJC_WEAK = YES;
				CLANG_WARN_BLOCK_CAPTURE_AUTORELEASING = YES;
				CLANG_WARN_BOOL_CONVERSION = YES;
				CLANG_WARN_COMMA = YES;
				CLANG_WARN_CONSTANT_CONVERSION = YES;
				CLANG_WARN_DEPRECATED_OBJC_IMPLEMENTATIONS = YES;
				CLANG_WARN_DIRECT_OBJC_ISA_USAGE = YES_ERROR;
				CLANG_WARN_DOCUMENTATION_COMMENTS = YES;
				CLANG_WARN_EMPTY_BODY = YES;
				CLANG_WARN_ENUM_CONVERSION = YES;
				CLANG_WARN_INFINITE_RECURSION = YES;
				CLANG_WARN_INT_CONVERSION = YES;
				CLANG_WARN_NON_LITERAL_NULL_CONVERSION = YES;
				CLANG_WARN_OBJC_IMPLICIT_RETAIN_SELF = YES;
				CLANG_WARN_OBJC_LITERAL_CONVERSION = YES;
				CLANG_WARN_OBJC_ROOT_CLASS = YES_ERROR;
				CLANG_WARN_RANGE_LOOP_ANALYSIS = YES;
				CLANG_WARN_STRICT_PROTOTYPES = YES;
				CLANG_WARN_SUSPICIOUS_MOVE = YES;
				CLANG_WARN_UNGUARDED_AVAILABILITY = YES_AGGRESSIVE;
				CLANG_WARN_UNREACHABLE_CODE = YES;
				CLANG_WARN__DUPLICATE_METHOD_MATCH = YES;
				CODE_SIGN_IDENTITY = "iPhone Developer";
				COPY_PHASE_STRIP = NO;
				DEBUG_INFORMATION_FORMAT = "dwarf-with-dsym";
				ENABLE_NS_ASSERTIONS = NO;
				ENABLE_STRICT_OBJC_MSGSEND = YES;
				GCC_C_LANGUAGE_STANDARD = gnu11;
				GCC_NO_COMMON_BLOCKS = YES;
				GCC_WARN_64_TO_32_BIT_CONVERSION = YES;
				GCC_WARN_ABOUT_RETURN_TYPE = YES_ERROR;
				GCC_WARN_UNDECLARED_SELECTOR = YES;
				GCC_WARN_UNINITIALIZED_AUTOS = YES_AGGRESSIVE;
				GCC_WARN_UNUSED_FUNCTION = YES;
				GCC_WARN_UNUSED_VARIABLE = YES;
				IPHONEOS_DEPLOYMENT_TARGET = 12.2;
				MTL_ENABLE_DEBUG_INFO = NO;
				MTL_FAST_MATH = YES;
				SDKROOT = iphoneos;
				SWIFT_COMPILATION_MODE = wholemodule;
				SWIFT_OPTIMIZATION_LEVEL = "-O";
				VALIDATE_PRODUCT = YES;
			};
			name = Release;
		};
		9F495E7E227B3FB400C75751 /* Debug */ = {
			isa = XCBuildConfiguration;
			baseConfigurationReference = 40C474B6183457A745F9C613 /* Pods-ArcMovieTouch.debug.xcconfig */;
			buildSettings = {
				ASSETCATALOG_COMPILER_APPICON_NAME = AppIcon;
				CODE_SIGN_STYLE = Automatic;
				DEVELOPMENT_TEAM = G82R5556KG;
				INFOPLIST_FILE = ArcMovieTouch/Info.plist;
				LD_RUNPATH_SEARCH_PATHS = (
					"$(inherited)",
					"@executable_path/Frameworks",
				);
				PRODUCT_BUNDLE_IDENTIFIER = com.arctouch.ArcMovieTouch;
				PRODUCT_NAME = "$(TARGET_NAME)";
				SWIFT_VERSION = 5.0;
				TARGETED_DEVICE_FAMILY = "1,2";
			};
			name = Debug;
		};
		9F495E7F227B3FB400C75751 /* Release */ = {
			isa = XCBuildConfiguration;
			baseConfigurationReference = DD627B837E409D09E5A37160 /* Pods-ArcMovieTouch.release.xcconfig */;
			buildSettings = {
				ASSETCATALOG_COMPILER_APPICON_NAME = AppIcon;
				CODE_SIGN_STYLE = Automatic;
				DEVELOPMENT_TEAM = G82R5556KG;
				INFOPLIST_FILE = ArcMovieTouch/Info.plist;
				LD_RUNPATH_SEARCH_PATHS = (
					"$(inherited)",
					"@executable_path/Frameworks",
				);
				PRODUCT_BUNDLE_IDENTIFIER = com.arctouch.ArcMovieTouch;
				PRODUCT_NAME = "$(TARGET_NAME)";
				SWIFT_VERSION = 5.0;
				TARGETED_DEVICE_FAMILY = "1,2";
			};
			name = Release;
		};
/* End XCBuildConfiguration section */

/* Begin XCConfigurationList section */
		9F495E66227B3FB200C75751 /* Build configuration list for PBXProject "ArcMovieTouch" */ = {
			isa = XCConfigurationList;
			buildConfigurations = (
				9F495E7B227B3FB400C75751 /* Debug */,
				9F495E7C227B3FB400C75751 /* Release */,
			);
			defaultConfigurationIsVisible = 0;
			defaultConfigurationName = Release;
		};
		9F495E7D227B3FB400C75751 /* Build configuration list for PBXNativeTarget "ArcMovieTouch" */ = {
			isa = XCConfigurationList;
			buildConfigurations = (
				9F495E7E227B3FB400C75751 /* Debug */,
				9F495E7F227B3FB400C75751 /* Release */,
			);
			defaultConfigurationIsVisible = 0;
			defaultConfigurationName = Release;
		};
/* End XCConfigurationList section */
	};
	rootObject = 9F495E63227B3FB200C75751 /* Project object */;
}
